// !$*UTF8*$!
{
	archiveVersion = 1;
	classes = {
	};
	objectVersion = 51;
	objects = {

/* Begin PBXBuildFile section */
		2681E34B8E0806BA3CA667E4 /* Pods_FH_SchadenmelderTests.framework in Frameworks */ = {isa = PBXBuildFile; fileRef = 53FC7B1CA412C71DA78335C3 /* Pods_FH_SchadenmelderTests.framework */; };
		2F09D869B0C5D27F75FACC2C /* Pods_FH_Schadenmelder_FH_SchadenmelderUITests.framework in Frameworks */ = {isa = PBXBuildFile; fileRef = D7A7BC8DE72772D5E912F6E8 /* Pods_FH_Schadenmelder_FH_SchadenmelderUITests.framework */; };
		C705C1D7238A90B800B47E46 /* SchadenViewCell.swift in Sources */ = {isa = PBXBuildFile; fileRef = C705C1D6238A90B800B47E46 /* SchadenViewCell.swift */; };
		C705C1DA238B462A00B47E46 /* EintragModel.swift in Sources */ = {isa = PBXBuildFile; fileRef = C705C1D9238B462A00B47E46 /* EintragModel.swift */; };
		C705C1DD238BF23A00B47E46 /* testTableViewCell.swift in Sources */ = {isa = PBXBuildFile; fileRef = C705C1DB238BF23A00B47E46 /* testTableViewCell.swift */; };
		C705C1DE238BF23A00B47E46 /* testTableViewCell.xib in Resources */ = {isa = PBXBuildFile; fileRef = C705C1DC238BF23A00B47E46 /* testTableViewCell.xib */; };
		C718E4E9238557CA00DE8B57 /* image.jpg in Resources */ = {isa = PBXBuildFile; fileRef = C718E4E8238557CA00DE8B57 /* image.jpg */; };
		C728459C23802831000DC419 /* SchadenMeldenController.xib in Resources */ = {isa = PBXBuildFile; fileRef = C728459B23802831000DC419 /* SchadenMeldenController.xib */; };
		C728459E23802848000DC419 /* SchadenMeldenController.swift in Sources */ = {isa = PBXBuildFile; fileRef = C728459D23802848000DC419 /* SchadenMeldenController.swift */; };
		C72845A2238036C6000DC419 /* CameraController.xib in Resources */ = {isa = PBXBuildFile; fileRef = C72845A1238036C6000DC419 /* CameraController.xib */; };
		C72845A4238036D3000DC419 /* CameraController.swift in Sources */ = {isa = PBXBuildFile; fileRef = C72845A3238036D3000DC419 /* CameraController.swift */; };
		C72845AF23806190000DC419 /* ExternalAccessory.framework in Frameworks */ = {isa = PBXBuildFile; fileRef = C72845AE23806190000DC419 /* ExternalAccessory.framework */; settings = {ATTRIBUTES = (Required, ); }; };
		C738A693237C8950002A49E3 /* extensions.swift in Sources */ = {isa = PBXBuildFile; fileRef = C738A692237C894F002A49E3 /* extensions.swift */; };
		C738A695237CA20E002A49E3 /* campus.jpg in Resources */ = {isa = PBXBuildFile; fileRef = C738A694237CA20D002A49E3 /* campus.jpg */; };
		C738A697237E9827002A49E3 /* GoogleService-Info.plist in Resources */ = {isa = PBXBuildFile; fileRef = C738A696237E9827002A49E3 /* GoogleService-Info.plist */; };
		C738A698237E9827002A49E3 /* GoogleService-Info.plist in Resources */ = {isa = PBXBuildFile; fileRef = C738A696237E9827002A49E3 /* GoogleService-Info.plist */; };
		C738A699237E9827002A49E3 /* GoogleService-Info.plist in Resources */ = {isa = PBXBuildFile; fileRef = C738A696237E9827002A49E3 /* GoogleService-Info.plist */; };
		C75C2A5C2381956000A3720D /* ProgressHUD.framework in Frameworks */ = {isa = PBXBuildFile; fileRef = C75C2A5B2381956000A3720D /* ProgressHUD.framework */; };
		C75C2A612381AC1000A3720D /* SchadenEintragController.swift in Sources */ = {isa = PBXBuildFile; fileRef = C75C2A602381AC1000A3720D /* SchadenEintragController.swift */; };
		C75C2A632381AC2100A3720D /* SchadenEintragController.xib in Resources */ = {isa = PBXBuildFile; fileRef = C75C2A622381AC2100A3720D /* SchadenEintragController.xib */; };
		C76C3FAD238D5221003D443A /* SchadenListe.storyboard in Resources */ = {isa = PBXBuildFile; fileRef = C76C3FAC238D5221003D443A /* SchadenListe.storyboard */; };
		C76C3FAF238D5658003D443A /* SchadenListeStoryBoardController.swift in Sources */ = {isa = PBXBuildFile; fileRef = C76C3FAE238D5658003D443A /* SchadenListeStoryBoardController.swift */; };
		C794D82A23AD1B38005CFD34 /* MainNew.storyboard in Resources */ = {isa = PBXBuildFile; fileRef = C794D82923AD1B38005CFD34 /* MainNew.storyboard */; };
		C794D82C23AE40AB005CFD34 /* SplashScreenController.swift in Sources */ = {isa = PBXBuildFile; fileRef = C794D82B23AE40AB005CFD34 /* SplashScreenController.swift */; };
		C794D82E23AE4971005CFD34 /* SettingsController.swift in Sources */ = {isa = PBXBuildFile; fileRef = C794D82D23AE4971005CFD34 /* SettingsController.swift */; };
		C794D83023AE4A3C005CFD34 /* TabBarController.swift in Sources */ = {isa = PBXBuildFile; fileRef = C794D82F23AE4A3C005CFD34 /* TabBarController.swift */; };
		C794D83223AE4CE5005CFD34 /* MeldenController.swift in Sources */ = {isa = PBXBuildFile; fileRef = C794D83123AE4CE5005CFD34 /* MeldenController.swift */; };
		C794D83423AE4F3D005CFD34 /* ListeController.swift in Sources */ = {isa = PBXBuildFile; fileRef = C794D83323AE4F3D005CFD34 /* ListeController.swift */; };
		C794D83723AE5291005CFD34 /* EntriesListCell.swift in Sources */ = {isa = PBXBuildFile; fileRef = C794D83623AE5291005CFD34 /* EntriesListCell.swift */; };
		C794D83923AE8964005CFD34 /* AuthController.swift in Sources */ = {isa = PBXBuildFile; fileRef = C794D83823AE8964005CFD34 /* AuthController.swift */; };
		C7CC21F2237842B100C71102 /* AppDelegate.swift in Sources */ = {isa = PBXBuildFile; fileRef = C7CC21F1237842B100C71102 /* AppDelegate.swift */; };
		C7CC21F4237842B100C71102 /* ViewController.swift in Sources */ = {isa = PBXBuildFile; fileRef = C7CC21F3237842B100C71102 /* ViewController.swift */; };
		C7CC21F7237842B100C71102 /* Main.storyboard in Resources */ = {isa = PBXBuildFile; fileRef = C7CC21F5237842B100C71102 /* Main.storyboard */; };
		C7CC21F9237842B500C71102 /* Assets.xcassets in Resources */ = {isa = PBXBuildFile; fileRef = C7CC21F8237842B500C71102 /* Assets.xcassets */; };
		C7CC21FC237842B500C71102 /* LaunchScreen.storyboard in Resources */ = {isa = PBXBuildFile; fileRef = C7CC21FA237842B500C71102 /* LaunchScreen.storyboard */; };
		C7CC2207237842B500C71102 /* FH_SchadenmelderTests.swift in Sources */ = {isa = PBXBuildFile; fileRef = C7CC2206237842B500C71102 /* FH_SchadenmelderTests.swift */; };
		C7CC2212237842B600C71102 /* FH_SchadenmelderUITests.swift in Sources */ = {isa = PBXBuildFile; fileRef = C7CC2211237842B600C71102 /* FH_SchadenmelderUITests.swift */; };
		C7CC22212378453A00C71102 /* LoginController.swift in Sources */ = {isa = PBXBuildFile; fileRef = C7CC22202378453A00C71102 /* LoginController.swift */; };
		C7CC22232378454F00C71102 /* LoginController.xib in Resources */ = {isa = PBXBuildFile; fileRef = C7CC22222378454F00C71102 /* LoginController.xib */; };
		C7CC2226237848B300C71102 /* HomeController.xib in Resources */ = {isa = PBXBuildFile; fileRef = C7CC2225237848B300C71102 /* HomeController.xib */; };
		C7CC2228237848C700C71102 /* HomeController.swift in Sources */ = {isa = PBXBuildFile; fileRef = C7CC2227237848C700C71102 /* HomeController.swift */; };
		C7CC222B23784A1700C71102 /* SchadenListeController.xib in Resources */ = {isa = PBXBuildFile; fileRef = C7CC222A23784A1700C71102 /* SchadenListeController.xib */; };
		C7CC222D23784A3F00C71102 /* SchadenListeController.swift in Sources */ = {isa = PBXBuildFile; fileRef = C7CC222C23784A3F00C71102 /* SchadenListeController.swift */; };
		C7CC22302378513800C71102 /* FH-CAMPUS-WIEN.gif in Resources */ = {isa = PBXBuildFile; fileRef = C7CC222F2378513800C71102 /* FH-CAMPUS-WIEN.gif */; };
		EF4EE25604E97FA447B2DE15 /* Pods_FH_Schadenmelder.framework in Frameworks */ = {isa = PBXBuildFile; fileRef = 26502B4B308BE53487099F10 /* Pods_FH_Schadenmelder.framework */; };
/* End PBXBuildFile section */

/* Begin PBXContainerItemProxy section */
		C7CC2203237842B500C71102 /* PBXContainerItemProxy */ = {
			isa = PBXContainerItemProxy;
			containerPortal = C7CC21E6237842B100C71102 /* Project object */;
			proxyType = 1;
			remoteGlobalIDString = C7CC21ED237842B100C71102;
			remoteInfo = "FH Schadenmelder";
		};
		C7CC220E237842B600C71102 /* PBXContainerItemProxy */ = {
			isa = PBXContainerItemProxy;
			containerPortal = C7CC21E6237842B100C71102 /* Project object */;
			proxyType = 1;
			remoteGlobalIDString = C7CC21ED237842B100C71102;
			remoteInfo = "FH Schadenmelder";
		};
/* End PBXContainerItemProxy section */

/* Begin PBXFileReference section */
		1DD47229B0E2DBE79C82883E /* Pods-FH Schadenmelder-FH SchadenmelderUITests.release.xcconfig */ = {isa = PBXFileReference; includeInIndex = 1; lastKnownFileType = text.xcconfig; name = "Pods-FH Schadenmelder-FH SchadenmelderUITests.release.xcconfig"; path = "Target Support Files/Pods-FH Schadenmelder-FH SchadenmelderUITests/Pods-FH Schadenmelder-FH SchadenmelderUITests.release.xcconfig"; sourceTree = "<group>"; };
		26502B4B308BE53487099F10 /* Pods_FH_Schadenmelder.framework */ = {isa = PBXFileReference; explicitFileType = wrapper.framework; includeInIndex = 0; path = Pods_FH_Schadenmelder.framework; sourceTree = BUILT_PRODUCTS_DIR; };
		528571B6C9FAA5D13A65D0DD /* Pods-FH Schadenmelder.debug.xcconfig */ = {isa = PBXFileReference; includeInIndex = 1; lastKnownFileType = text.xcconfig; name = "Pods-FH Schadenmelder.debug.xcconfig"; path = "Target Support Files/Pods-FH Schadenmelder/Pods-FH Schadenmelder.debug.xcconfig"; sourceTree = "<group>"; };
		53FC7B1CA412C71DA78335C3 /* Pods_FH_SchadenmelderTests.framework */ = {isa = PBXFileReference; explicitFileType = wrapper.framework; includeInIndex = 0; path = Pods_FH_SchadenmelderTests.framework; sourceTree = BUILT_PRODUCTS_DIR; };
		65EC9DD8A1DB12B5A0B01684 /* Pods-FH SchadenmelderTests.release.xcconfig */ = {isa = PBXFileReference; includeInIndex = 1; lastKnownFileType = text.xcconfig; name = "Pods-FH SchadenmelderTests.release.xcconfig"; path = "Target Support Files/Pods-FH SchadenmelderTests/Pods-FH SchadenmelderTests.release.xcconfig"; sourceTree = "<group>"; };
		A392E8106F60019FAD471544 /* Pods-FH SchadenmelderTests.debug.xcconfig */ = {isa = PBXFileReference; includeInIndex = 1; lastKnownFileType = text.xcconfig; name = "Pods-FH SchadenmelderTests.debug.xcconfig"; path = "Target Support Files/Pods-FH SchadenmelderTests/Pods-FH SchadenmelderTests.debug.xcconfig"; sourceTree = "<group>"; };
		B4DA1903EE0C79B2B0731BB4 /* Pods-FH Schadenmelder.release.xcconfig */ = {isa = PBXFileReference; includeInIndex = 1; lastKnownFileType = text.xcconfig; name = "Pods-FH Schadenmelder.release.xcconfig"; path = "Target Support Files/Pods-FH Schadenmelder/Pods-FH Schadenmelder.release.xcconfig"; sourceTree = "<group>"; };
		C705C1D6238A90B800B47E46 /* SchadenViewCell.swift */ = {isa = PBXFileReference; lastKnownFileType = sourcecode.swift; path = SchadenViewCell.swift; sourceTree = "<group>"; };
		C705C1D9238B462A00B47E46 /* EintragModel.swift */ = {isa = PBXFileReference; lastKnownFileType = sourcecode.swift; path = EintragModel.swift; sourceTree = "<group>"; };
		C705C1DB238BF23A00B47E46 /* testTableViewCell.swift */ = {isa = PBXFileReference; lastKnownFileType = sourcecode.swift; path = testTableViewCell.swift; sourceTree = "<group>"; };
		C705C1DC238BF23A00B47E46 /* testTableViewCell.xib */ = {isa = PBXFileReference; lastKnownFileType = file.xib; path = testTableViewCell.xib; sourceTree = "<group>"; };
		C718E4E8238557CA00DE8B57 /* image.jpg */ = {isa = PBXFileReference; lastKnownFileType = image.jpeg; path = image.jpg; sourceTree = "<group>"; };
		C728459B23802831000DC419 /* SchadenMeldenController.xib */ = {isa = PBXFileReference; lastKnownFileType = file.xib; path = SchadenMeldenController.xib; sourceTree = "<group>"; };
		C728459D23802848000DC419 /* SchadenMeldenController.swift */ = {isa = PBXFileReference; lastKnownFileType = sourcecode.swift; path = SchadenMeldenController.swift; sourceTree = "<group>"; };
		C72845A1238036C6000DC419 /* CameraController.xib */ = {isa = PBXFileReference; lastKnownFileType = file.xib; path = CameraController.xib; sourceTree = "<group>"; };
		C72845A3238036D3000DC419 /* CameraController.swift */ = {isa = PBXFileReference; lastKnownFileType = sourcecode.swift; path = CameraController.swift; sourceTree = "<group>"; };
		C72845AD23806190000DC419 /* FH Schadenmelder.entitlements */ = {isa = PBXFileReference; lastKnownFileType = text.plist.entitlements; path = "FH Schadenmelder.entitlements"; sourceTree = "<group>"; };
		C72845AE23806190000DC419 /* ExternalAccessory.framework */ = {isa = PBXFileReference; lastKnownFileType = wrapper.framework; name = ExternalAccessory.framework; path = System/Library/Frameworks/ExternalAccessory.framework; sourceTree = SDKROOT; };
		C738A692237C894F002A49E3 /* extensions.swift */ = {isa = PBXFileReference; lastKnownFileType = sourcecode.swift; path = extensions.swift; sourceTree = "<group>"; };
		C738A694237CA20D002A49E3 /* campus.jpg */ = {isa = PBXFileReference; lastKnownFileType = image.jpeg; path = campus.jpg; sourceTree = "<group>"; };
		C738A696237E9827002A49E3 /* GoogleService-Info.plist */ = {isa = PBXFileReference; fileEncoding = 4; lastKnownFileType = text.plist.xml; path = "GoogleService-Info.plist"; sourceTree = "<group>"; };
		C75C2A5B2381956000A3720D /* ProgressHUD.framework */ = {isa = PBXFileReference; explicitFileType = wrapper.framework; path = ProgressHUD.framework; sourceTree = BUILT_PRODUCTS_DIR; };
		C75C2A602381AC1000A3720D /* SchadenEintragController.swift */ = {isa = PBXFileReference; lastKnownFileType = sourcecode.swift; path = SchadenEintragController.swift; sourceTree = "<group>"; };
		C75C2A622381AC2100A3720D /* SchadenEintragController.xib */ = {isa = PBXFileReference; lastKnownFileType = file.xib; path = SchadenEintragController.xib; sourceTree = "<group>"; };
		C76C3FAC238D5221003D443A /* SchadenListe.storyboard */ = {isa = PBXFileReference; lastKnownFileType = file.storyboard; path = SchadenListe.storyboard; sourceTree = "<group>"; };
		C76C3FAE238D5658003D443A /* SchadenListeStoryBoardController.swift */ = {isa = PBXFileReference; lastKnownFileType = sourcecode.swift; path = SchadenListeStoryBoardController.swift; sourceTree = "<group>"; };
		C794D82923AD1B38005CFD34 /* MainNew.storyboard */ = {isa = PBXFileReference; lastKnownFileType = file.storyboard; path = MainNew.storyboard; sourceTree = "<group>"; };
		C794D82B23AE40AB005CFD34 /* SplashScreenController.swift */ = {isa = PBXFileReference; lastKnownFileType = sourcecode.swift; path = SplashScreenController.swift; sourceTree = "<group>"; };
		C794D82D23AE4971005CFD34 /* SettingsController.swift */ = {isa = PBXFileReference; lastKnownFileType = sourcecode.swift; path = SettingsController.swift; sourceTree = "<group>"; };
		C794D82F23AE4A3C005CFD34 /* TabBarController.swift */ = {isa = PBXFileReference; lastKnownFileType = sourcecode.swift; path = TabBarController.swift; sourceTree = "<group>"; };
		C794D83123AE4CE5005CFD34 /* MeldenController.swift */ = {isa = PBXFileReference; lastKnownFileType = sourcecode.swift; path = MeldenController.swift; sourceTree = "<group>"; };
		C794D83323AE4F3D005CFD34 /* ListeController.swift */ = {isa = PBXFileReference; lastKnownFileType = sourcecode.swift; path = ListeController.swift; sourceTree = "<group>"; };
		C794D83623AE5291005CFD34 /* EntriesListCell.swift */ = {isa = PBXFileReference; lastKnownFileType = sourcecode.swift; path = EntriesListCell.swift; sourceTree = "<group>"; };
		C794D83823AE8964005CFD34 /* AuthController.swift */ = {isa = PBXFileReference; lastKnownFileType = sourcecode.swift; path = AuthController.swift; sourceTree = "<group>"; };
		C7CC21EE237842B100C71102 /* FH Schadenmelder.app */ = {isa = PBXFileReference; explicitFileType = wrapper.application; includeInIndex = 0; path = "FH Schadenmelder.app"; sourceTree = BUILT_PRODUCTS_DIR; };
		C7CC21F1237842B100C71102 /* AppDelegate.swift */ = {isa = PBXFileReference; lastKnownFileType = sourcecode.swift; path = AppDelegate.swift; sourceTree = "<group>"; };
		C7CC21F3237842B100C71102 /* ViewController.swift */ = {isa = PBXFileReference; lastKnownFileType = sourcecode.swift; path = ViewController.swift; sourceTree = "<group>"; };
		C7CC21F6237842B100C71102 /* Base */ = {isa = PBXFileReference; lastKnownFileType = file.storyboard; name = Base; path = Base.lproj/Main.storyboard; sourceTree = "<group>"; };
		C7CC21F8237842B500C71102 /* Assets.xcassets */ = {isa = PBXFileReference; lastKnownFileType = folder.assetcatalog; path = Assets.xcassets; sourceTree = "<group>"; };
		C7CC21FB237842B500C71102 /* Base */ = {isa = PBXFileReference; lastKnownFileType = file.storyboard; name = Base; path = Base.lproj/LaunchScreen.storyboard; sourceTree = "<group>"; };
		C7CC21FD237842B500C71102 /* Info.plist */ = {isa = PBXFileReference; lastKnownFileType = text.plist.xml; path = Info.plist; sourceTree = "<group>"; };
		C7CC2202237842B500C71102 /* FH SchadenmelderTests.xctest */ = {isa = PBXFileReference; explicitFileType = wrapper.cfbundle; includeInIndex = 0; path = "FH SchadenmelderTests.xctest"; sourceTree = BUILT_PRODUCTS_DIR; };
		C7CC2206237842B500C71102 /* FH_SchadenmelderTests.swift */ = {isa = PBXFileReference; lastKnownFileType = sourcecode.swift; path = FH_SchadenmelderTests.swift; sourceTree = "<group>"; };
		C7CC2208237842B500C71102 /* Info.plist */ = {isa = PBXFileReference; lastKnownFileType = text.plist.xml; path = Info.plist; sourceTree = "<group>"; };
		C7CC220D237842B600C71102 /* FH SchadenmelderUITests.xctest */ = {isa = PBXFileReference; explicitFileType = wrapper.cfbundle; includeInIndex = 0; path = "FH SchadenmelderUITests.xctest"; sourceTree = BUILT_PRODUCTS_DIR; };
		C7CC2211237842B600C71102 /* FH_SchadenmelderUITests.swift */ = {isa = PBXFileReference; lastKnownFileType = sourcecode.swift; path = FH_SchadenmelderUITests.swift; sourceTree = "<group>"; };
		C7CC2213237842B600C71102 /* Info.plist */ = {isa = PBXFileReference; lastKnownFileType = text.plist.xml; path = Info.plist; sourceTree = "<group>"; };
		C7CC22202378453A00C71102 /* LoginController.swift */ = {isa = PBXFileReference; lastKnownFileType = sourcecode.swift; path = LoginController.swift; sourceTree = "<group>"; };
		C7CC22222378454F00C71102 /* LoginController.xib */ = {isa = PBXFileReference; lastKnownFileType = file.xib; path = LoginController.xib; sourceTree = "<group>"; };
		C7CC2225237848B300C71102 /* HomeController.xib */ = {isa = PBXFileReference; lastKnownFileType = file.xib; path = HomeController.xib; sourceTree = "<group>"; };
		C7CC2227237848C700C71102 /* HomeController.swift */ = {isa = PBXFileReference; lastKnownFileType = sourcecode.swift; path = HomeController.swift; sourceTree = "<group>"; };
		C7CC222A23784A1700C71102 /* SchadenListeController.xib */ = {isa = PBXFileReference; lastKnownFileType = file.xib; path = SchadenListeController.xib; sourceTree = "<group>"; };
		C7CC222C23784A3F00C71102 /* SchadenListeController.swift */ = {isa = PBXFileReference; lastKnownFileType = sourcecode.swift; path = SchadenListeController.swift; sourceTree = "<group>"; };
		C7CC222F2378513800C71102 /* FH-CAMPUS-WIEN.gif */ = {isa = PBXFileReference; lastKnownFileType = image.gif; path = "FH-CAMPUS-WIEN.gif"; sourceTree = "<group>"; };
		D770F4B11A2A2AC52E2EC0CC /* Pods-FH Schadenmelder-FH SchadenmelderUITests.debug.xcconfig */ = {isa = PBXFileReference; includeInIndex = 1; lastKnownFileType = text.xcconfig; name = "Pods-FH Schadenmelder-FH SchadenmelderUITests.debug.xcconfig"; path = "Target Support Files/Pods-FH Schadenmelder-FH SchadenmelderUITests/Pods-FH Schadenmelder-FH SchadenmelderUITests.debug.xcconfig"; sourceTree = "<group>"; };
		D7A7BC8DE72772D5E912F6E8 /* Pods_FH_Schadenmelder_FH_SchadenmelderUITests.framework */ = {isa = PBXFileReference; explicitFileType = wrapper.framework; includeInIndex = 0; path = Pods_FH_Schadenmelder_FH_SchadenmelderUITests.framework; sourceTree = BUILT_PRODUCTS_DIR; };
/* End PBXFileReference section */

/* Begin PBXFrameworksBuildPhase section */
		C7CC21EB237842B100C71102 /* Frameworks */ = {
			isa = PBXFrameworksBuildPhase;
			buildActionMask = 2147483647;
			files = (
				C75C2A5C2381956000A3720D /* ProgressHUD.framework in Frameworks */,
				C72845AF23806190000DC419 /* ExternalAccessory.framework in Frameworks */,
				EF4EE25604E97FA447B2DE15 /* Pods_FH_Schadenmelder.framework in Frameworks */,
			);
			runOnlyForDeploymentPostprocessing = 0;
		};
		C7CC21FF237842B500C71102 /* Frameworks */ = {
			isa = PBXFrameworksBuildPhase;
			buildActionMask = 2147483647;
			files = (
				2681E34B8E0806BA3CA667E4 /* Pods_FH_SchadenmelderTests.framework in Frameworks */,
			);
			runOnlyForDeploymentPostprocessing = 0;
		};
		C7CC220A237842B600C71102 /* Frameworks */ = {
			isa = PBXFrameworksBuildPhase;
			buildActionMask = 2147483647;
			files = (
				2F09D869B0C5D27F75FACC2C /* Pods_FH_Schadenmelder_FH_SchadenmelderUITests.framework in Frameworks */,
			);
			runOnlyForDeploymentPostprocessing = 0;
		};
/* End PBXFrameworksBuildPhase section */

/* Begin PBXGroup section */
		60EDFFD2A5C4D6CCE8C9320D /* Frameworks */ = {
			isa = PBXGroup;
			children = (
				C75C2A5B2381956000A3720D /* ProgressHUD.framework */,
				C72845AE23806190000DC419 /* ExternalAccessory.framework */,
				26502B4B308BE53487099F10 /* Pods_FH_Schadenmelder.framework */,
				D7A7BC8DE72772D5E912F6E8 /* Pods_FH_Schadenmelder_FH_SchadenmelderUITests.framework */,
				53FC7B1CA412C71DA78335C3 /* Pods_FH_SchadenmelderTests.framework */,
			);
			name = Frameworks;
			sourceTree = "<group>";
		};
		BAB4A775064670A2E9D98288 /* Pods */ = {
			isa = PBXGroup;
			children = (
				528571B6C9FAA5D13A65D0DD /* Pods-FH Schadenmelder.debug.xcconfig */,
				B4DA1903EE0C79B2B0731BB4 /* Pods-FH Schadenmelder.release.xcconfig */,
				D770F4B11A2A2AC52E2EC0CC /* Pods-FH Schadenmelder-FH SchadenmelderUITests.debug.xcconfig */,
				1DD47229B0E2DBE79C82883E /* Pods-FH Schadenmelder-FH SchadenmelderUITests.release.xcconfig */,
				A392E8106F60019FAD471544 /* Pods-FH SchadenmelderTests.debug.xcconfig */,
				65EC9DD8A1DB12B5A0B01684 /* Pods-FH SchadenmelderTests.release.xcconfig */,
			);
			path = Pods;
			sourceTree = "<group>";
		};
		C705C1D8238B45FA00B47E46 /* Model */ = {
			isa = PBXGroup;
			children = (
				C705C1D9238B462A00B47E46 /* EintragModel.swift */,
				C705C1DB238BF23A00B47E46 /* testTableViewCell.swift */,
				C705C1DC238BF23A00B47E46 /* testTableViewCell.xib */,
			);
			path = Model;
			sourceTree = "<group>";
		};
		C728459A238027DE000DC419 /* SchadenMelden */ = {
			isa = PBXGroup;
			children = (
				C728459D23802848000DC419 /* SchadenMeldenController.swift */,
				C728459B23802831000DC419 /* SchadenMeldenController.xib */,
			);
			path = SchadenMelden;
			sourceTree = "<group>";
		};
		C728459F238029E6000DC419 /* Login */ = {
			isa = PBXGroup;
			children = (
				C7CC22202378453A00C71102 /* LoginController.swift */,
				C7CC22222378454F00C71102 /* LoginController.xib */,
			);
			path = Login;
			sourceTree = "<group>";
		};
		C72845A02380369E000DC419 /* Camera */ = {
			isa = PBXGroup;
			children = (
				C72845A3238036D3000DC419 /* CameraController.swift */,
				C72845A1238036C6000DC419 /* CameraController.xib */,
			);
			path = Camera;
			sourceTree = "<group>";
		};
		C738A691237C891D002A49E3 /* extensions */ = {
			isa = PBXGroup;
			children = (
				C738A692237C894F002A49E3 /* extensions.swift */,
			);
			path = extensions;
			sourceTree = "<group>";
		};
		C75C2A5F2381ABC700A3720D /* SchadenEintrag */ = {
			isa = PBXGroup;
			children = (
				C75C2A602381AC1000A3720D /* SchadenEintragController.swift */,
				C75C2A622381AC2100A3720D /* SchadenEintragController.xib */,
			);
			path = SchadenEintrag;
			sourceTree = "<group>";
		};
		C794D83523AE5249005CFD34 /* Cell */ = {
			isa = PBXGroup;
			children = (
				C794D83623AE5291005CFD34 /* EntriesListCell.swift */,
			);
			path = Cell;
			sourceTree = "<group>";
		};
		C7CC21E5237842B100C71102 = {
			isa = PBXGroup;
			children = (
				C705C1D8238B45FA00B47E46 /* Model */,
				C7CC222E2378511E00C71102 /* img */,
				C7CC221F2378449400C71102 /* Controller */,
				C7CC21F0237842B100C71102 /* FH Schadenmelder */,
				C7CC2205237842B500C71102 /* FH SchadenmelderTests */,
				C7CC2210237842B600C71102 /* FH SchadenmelderUITests */,
				C7CC21EF237842B100C71102 /* Products */,
				C738A691237C891D002A49E3 /* extensions */,
				BAB4A775064670A2E9D98288 /* Pods */,
				60EDFFD2A5C4D6CCE8C9320D /* Frameworks */,
			);
			sourceTree = "<group>";
		};
		C7CC21EF237842B100C71102 /* Products */ = {
			isa = PBXGroup;
			children = (
				C7CC21EE237842B100C71102 /* FH Schadenmelder.app */,
				C7CC2202237842B500C71102 /* FH SchadenmelderTests.xctest */,
				C7CC220D237842B600C71102 /* FH SchadenmelderUITests.xctest */,
			);
			name = Products;
			sourceTree = "<group>";
		};
		C7CC21F0237842B100C71102 /* FH Schadenmelder */ = {
			isa = PBXGroup;
			children = (
				C72845AD23806190000DC419 /* FH Schadenmelder.entitlements */,
				C7CC21F1237842B100C71102 /* AppDelegate.swift */,
				C7CC21F3237842B100C71102 /* ViewController.swift */,
				C7CC21F5237842B100C71102 /* Main.storyboard */,
				C7CC21F8237842B500C71102 /* Assets.xcassets */,
				C7CC21FA237842B500C71102 /* LaunchScreen.storyboard */,
				C7CC21FD237842B500C71102 /* Info.plist */,
			);
			path = "FH Schadenmelder";
			sourceTree = "<group>";
		};
		C7CC2205237842B500C71102 /* FH SchadenmelderTests */ = {
			isa = PBXGroup;
			children = (
				C7CC2206237842B500C71102 /* FH_SchadenmelderTests.swift */,
				C7CC2208237842B500C71102 /* Info.plist */,
			);
			path = "FH SchadenmelderTests";
			sourceTree = "<group>";
		};
		C7CC2210237842B600C71102 /* FH SchadenmelderUITests */ = {
			isa = PBXGroup;
			children = (
				C7CC2211237842B600C71102 /* FH_SchadenmelderUITests.swift */,
				C7CC2213237842B600C71102 /* Info.plist */,
				C738A696237E9827002A49E3 /* GoogleService-Info.plist */,
			);
			path = "FH SchadenmelderUITests";
			sourceTree = "<group>";
		};
		C7CC221F2378449400C71102 /* Controller */ = {
			isa = PBXGroup;
			children = (
				C794D83523AE5249005CFD34 /* Cell */,
				C728459F238029E6000DC419 /* Login */,
				C7CC22242378489400C71102 /* Home */,
				C75C2A5F2381ABC700A3720D /* SchadenEintrag */,
				C728459A238027DE000DC419 /* SchadenMelden */,
				C72845A02380369E000DC419 /* Camera */,
				C7CC2229237849EF00C71102 /* SchadenListe */,
				C794D82923AD1B38005CFD34 /* MainNew.storyboard */,
				C794D82B23AE40AB005CFD34 /* SplashScreenController.swift */,
				C794D82D23AE4971005CFD34 /* SettingsController.swift */,
				C794D82F23AE4A3C005CFD34 /* TabBarController.swift */,
				C794D83123AE4CE5005CFD34 /* MeldenController.swift */,
				C794D83323AE4F3D005CFD34 /* ListeController.swift */,
				C794D83823AE8964005CFD34 /* AuthController.swift */,
			);
			path = Controller;
			sourceTree = "<group>";
		};
		C7CC22242378489400C71102 /* Home */ = {
			isa = PBXGroup;
			children = (
				C7CC2227237848C700C71102 /* HomeController.swift */,
				C7CC2225237848B300C71102 /* HomeController.xib */,
			);
			path = Home;
			sourceTree = "<group>";
		};
		C7CC2229237849EF00C71102 /* SchadenListe */ = {
			isa = PBXGroup;
			children = (
				C7CC222C23784A3F00C71102 /* SchadenListeController.swift */,
				C7CC222A23784A1700C71102 /* SchadenListeController.xib */,
				C705C1D6238A90B800B47E46 /* SchadenViewCell.swift */,
				C76C3FAC238D5221003D443A /* SchadenListe.storyboard */,
				C76C3FAE238D5658003D443A /* SchadenListeStoryBoardController.swift */,
			);
			path = SchadenListe;
			sourceTree = "<group>";
		};
		C7CC222E2378511E00C71102 /* img */ = {
			isa = PBXGroup;
			children = (
				C738A694237CA20D002A49E3 /* campus.jpg */,
				C718E4E8238557CA00DE8B57 /* image.jpg */,
				C7CC222F2378513800C71102 /* FH-CAMPUS-WIEN.gif */,
			);
			path = img;
			sourceTree = "<group>";
		};
/* End PBXGroup section */

/* Begin PBXNativeTarget section */
		C7CC21ED237842B100C71102 /* FH Schadenmelder */ = {
			isa = PBXNativeTarget;
			buildConfigurationList = C7CC2216237842B600C71102 /* Build configuration list for PBXNativeTarget "FH Schadenmelder" */;
			buildPhases = (
				C195A33239881DB7A760C62F /* [CP] Check Pods Manifest.lock */,
				C7CC21EA237842B100C71102 /* Sources */,
				C7CC21EB237842B100C71102 /* Frameworks */,
				C7CC21EC237842B100C71102 /* Resources */,
				392F1925D692F2312F9A6B03 /* [CP] Embed Pods Frameworks */,
			);
			buildRules = (
			);
			dependencies = (
			);
			name = "FH Schadenmelder";
			productName = "FH Schadenmelder";
			productReference = C7CC21EE237842B100C71102 /* FH Schadenmelder.app */;
			productType = "com.apple.product-type.application";
		};
		C7CC2201237842B500C71102 /* FH SchadenmelderTests */ = {
			isa = PBXNativeTarget;
			buildConfigurationList = C7CC2219237842B600C71102 /* Build configuration list for PBXNativeTarget "FH SchadenmelderTests" */;
			buildPhases = (
				02E6447E95B95C7AEF92ED4A /* [CP] Check Pods Manifest.lock */,
				C7CC21FE237842B500C71102 /* Sources */,
				C7CC21FF237842B500C71102 /* Frameworks */,
				C7CC2200237842B500C71102 /* Resources */,
			);
			buildRules = (
			);
			dependencies = (
				C7CC2204237842B500C71102 /* PBXTargetDependency */,
			);
			name = "FH SchadenmelderTests";
			productName = "FH SchadenmelderTests";
			productReference = C7CC2202237842B500C71102 /* FH SchadenmelderTests.xctest */;
			productType = "com.apple.product-type.bundle.unit-test";
		};
		C7CC220C237842B600C71102 /* FH SchadenmelderUITests */ = {
			isa = PBXNativeTarget;
			buildConfigurationList = C7CC221C237842B600C71102 /* Build configuration list for PBXNativeTarget "FH SchadenmelderUITests" */;
			buildPhases = (
				E4FB04061C82B452AADBCAB6 /* [CP] Check Pods Manifest.lock */,
				C7CC2209237842B600C71102 /* Sources */,
				C7CC220A237842B600C71102 /* Frameworks */,
				C7CC220B237842B600C71102 /* Resources */,
				349D05C426EA70AF040620D6 /* [CP] Embed Pods Frameworks */,
			);
			buildRules = (
			);
			dependencies = (
				C7CC220F237842B600C71102 /* PBXTargetDependency */,
			);
			name = "FH SchadenmelderUITests";
			productName = "FH SchadenmelderUITests";
			productReference = C7CC220D237842B600C71102 /* FH SchadenmelderUITests.xctest */;
			productType = "com.apple.product-type.bundle.ui-testing";
		};
/* End PBXNativeTarget section */

/* Begin PBXProject section */
		C7CC21E6237842B100C71102 /* Project object */ = {
			isa = PBXProject;
			attributes = {
				LastSwiftUpdateCheck = 1030;
				LastUpgradeCheck = 1030;
				ORGANIZATIONNAME = "Nemanja Filipovic, Michael Prammer, Elmi  Abdullahi";
				TargetAttributes = {
					C7CC21ED237842B100C71102 = {
						CreatedOnToolsVersion = 10.3;
					};
					C7CC2201237842B500C71102 = {
						CreatedOnToolsVersion = 10.3;
						TestTargetID = C7CC21ED237842B100C71102;
					};
					C7CC220C237842B600C71102 = {
						CreatedOnToolsVersion = 10.3;
						TestTargetID = C7CC21ED237842B100C71102;
					};
				};
			};
			buildConfigurationList = C7CC21E9237842B100C71102 /* Build configuration list for PBXProject "FH Schadenmelder" */;
			compatibilityVersion = "Xcode 9.3";
			developmentRegion = en;
			hasScannedForEncodings = 0;
			knownRegions = (
				en,
				Base,
			);
			mainGroup = C7CC21E5237842B100C71102;
			productRefGroup = C7CC21EF237842B100C71102 /* Products */;
			projectDirPath = "";
			projectRoot = "";
			targets = (
				C7CC21ED237842B100C71102 /* FH Schadenmelder */,
				C7CC2201237842B500C71102 /* FH SchadenmelderTests */,
				C7CC220C237842B600C71102 /* FH SchadenmelderUITests */,
			);
		};
/* End PBXProject section */

/* Begin PBXResourcesBuildPhase section */
		C7CC21EC237842B100C71102 /* Resources */ = {
			isa = PBXResourcesBuildPhase;
			buildActionMask = 2147483647;
			files = (
				C7CC21FC237842B500C71102 /* LaunchScreen.storyboard in Resources */,
				C728459C23802831000DC419 /* SchadenMeldenController.xib in Resources */,
				C7CC22232378454F00C71102 /* LoginController.xib in Resources */,
				C705C1DE238BF23A00B47E46 /* testTableViewCell.xib in Resources */,
				C738A697237E9827002A49E3 /* GoogleService-Info.plist in Resources */,
				C738A695237CA20E002A49E3 /* campus.jpg in Resources */,
				C75C2A632381AC2100A3720D /* SchadenEintragController.xib in Resources */,
				C76C3FAD238D5221003D443A /* SchadenListe.storyboard in Resources */,
				C7CC22302378513800C71102 /* FH-CAMPUS-WIEN.gif in Resources */,
				C72845A2238036C6000DC419 /* CameraController.xib in Resources */,
				C7CC21F9237842B500C71102 /* Assets.xcassets in Resources */,
				C794D82A23AD1B38005CFD34 /* MainNew.storyboard in Resources */,
				C718E4E9238557CA00DE8B57 /* image.jpg in Resources */,
				C7CC2226237848B300C71102 /* HomeController.xib in Resources */,
				C7CC222B23784A1700C71102 /* SchadenListeController.xib in Resources */,
				C7CC21F7237842B100C71102 /* Main.storyboard in Resources */,
			);
			runOnlyForDeploymentPostprocessing = 0;
		};
		C7CC2200237842B500C71102 /* Resources */ = {
			isa = PBXResourcesBuildPhase;
			buildActionMask = 2147483647;
			files = (
				C738A698237E9827002A49E3 /* GoogleService-Info.plist in Resources */,
			);
			runOnlyForDeploymentPostprocessing = 0;
		};
		C7CC220B237842B600C71102 /* Resources */ = {
			isa = PBXResourcesBuildPhase;
			buildActionMask = 2147483647;
			files = (
				C738A699237E9827002A49E3 /* GoogleService-Info.plist in Resources */,
			);
			runOnlyForDeploymentPostprocessing = 0;
		};
/* End PBXResourcesBuildPhase section */

/* Begin PBXShellScriptBuildPhase section */
		02E6447E95B95C7AEF92ED4A /* [CP] Check Pods Manifest.lock */ = {
			isa = PBXShellScriptBuildPhase;
			buildActionMask = 2147483647;
			files = (
			);
			inputFileListPaths = (
			);
			inputPaths = (
				"${PODS_PODFILE_DIR_PATH}/Podfile.lock",
				"${PODS_ROOT}/Manifest.lock",
			);
			name = "[CP] Check Pods Manifest.lock";
			outputFileListPaths = (
			);
			outputPaths = (
				"$(DERIVED_FILE_DIR)/Pods-FH SchadenmelderTests-checkManifestLockResult.txt",
			);
			runOnlyForDeploymentPostprocessing = 0;
			shellPath = /bin/sh;
			shellScript = "diff \"${PODS_PODFILE_DIR_PATH}/Podfile.lock\" \"${PODS_ROOT}/Manifest.lock\" > /dev/null\nif [ $? != 0 ] ; then\n    # print error to STDERR\n    echo \"error: The sandbox is not in sync with the Podfile.lock. Run 'pod install' or update your CocoaPods installation.\" >&2\n    exit 1\nfi\n# This output is used by Xcode 'outputs' to avoid re-running this script phase.\necho \"SUCCESS\" > \"${SCRIPT_OUTPUT_FILE_0}\"\n";
			showEnvVarsInLog = 0;
		};
		349D05C426EA70AF040620D6 /* [CP] Embed Pods Frameworks */ = {
			isa = PBXShellScriptBuildPhase;
			buildActionMask = 2147483647;
			files = (
			);
			inputFileListPaths = (
				"${PODS_ROOT}/Target Support Files/Pods-FH Schadenmelder-FH SchadenmelderUITests/Pods-FH Schadenmelder-FH SchadenmelderUITests-frameworks-${CONFIGURATION}-input-files.xcfilelist",
			);
			name = "[CP] Embed Pods Frameworks";
			outputFileListPaths = (
				"${PODS_ROOT}/Target Support Files/Pods-FH Schadenmelder-FH SchadenmelderUITests/Pods-FH Schadenmelder-FH SchadenmelderUITests-frameworks-${CONFIGURATION}-output-files.xcfilelist",
			);
			runOnlyForDeploymentPostprocessing = 0;
			shellPath = /bin/sh;
			shellScript = "\"${PODS_ROOT}/Target Support Files/Pods-FH Schadenmelder-FH SchadenmelderUITests/Pods-FH Schadenmelder-FH SchadenmelderUITests-frameworks.sh\"\n";
			showEnvVarsInLog = 0;
		};
		392F1925D692F2312F9A6B03 /* [CP] Embed Pods Frameworks */ = {
			isa = PBXShellScriptBuildPhase;
			buildActionMask = 2147483647;
			files = (
			);
			inputFileListPaths = (
				"${PODS_ROOT}/Target Support Files/Pods-FH Schadenmelder/Pods-FH Schadenmelder-frameworks-${CONFIGURATION}-input-files.xcfilelist",
			);
			name = "[CP] Embed Pods Frameworks";
			outputFileListPaths = (
				"${PODS_ROOT}/Target Support Files/Pods-FH Schadenmelder/Pods-FH Schadenmelder-frameworks-${CONFIGURATION}-output-files.xcfilelist",
			);
			runOnlyForDeploymentPostprocessing = 0;
			shellPath = /bin/sh;
			shellScript = "\"${PODS_ROOT}/Target Support Files/Pods-FH Schadenmelder/Pods-FH Schadenmelder-frameworks.sh\"\n";
			showEnvVarsInLog = 0;
		};
		C195A33239881DB7A760C62F /* [CP] Check Pods Manifest.lock */ = {
			isa = PBXShellScriptBuildPhase;
			buildActionMask = 2147483647;
			files = (
			);
			inputFileListPaths = (
			);
			inputPaths = (
				"${PODS_PODFILE_DIR_PATH}/Podfile.lock",
				"${PODS_ROOT}/Manifest.lock",
			);
			name = "[CP] Check Pods Manifest.lock";
			outputFileListPaths = (
			);
			outputPaths = (
				"$(DERIVED_FILE_DIR)/Pods-FH Schadenmelder-checkManifestLockResult.txt",
			);
			runOnlyForDeploymentPostprocessing = 0;
			shellPath = /bin/sh;
			shellScript = "diff \"${PODS_PODFILE_DIR_PATH}/Podfile.lock\" \"${PODS_ROOT}/Manifest.lock\" > /dev/null\nif [ $? != 0 ] ; then\n    # print error to STDERR\n    echo \"error: The sandbox is not in sync with the Podfile.lock. Run 'pod install' or update your CocoaPods installation.\" >&2\n    exit 1\nfi\n# This output is used by Xcode 'outputs' to avoid re-running this script phase.\necho \"SUCCESS\" > \"${SCRIPT_OUTPUT_FILE_0}\"\n";
			showEnvVarsInLog = 0;
		};
		E4FB04061C82B452AADBCAB6 /* [CP] Check Pods Manifest.lock */ = {
			isa = PBXShellScriptBuildPhase;
			buildActionMask = 2147483647;
			files = (
			);
			inputFileListPaths = (
			);
			inputPaths = (
				"${PODS_PODFILE_DIR_PATH}/Podfile.lock",
				"${PODS_ROOT}/Manifest.lock",
			);
			name = "[CP] Check Pods Manifest.lock";
			outputFileListPaths = (
			);
			outputPaths = (
				"$(DERIVED_FILE_DIR)/Pods-FH Schadenmelder-FH SchadenmelderUITests-checkManifestLockResult.txt",
			);
			runOnlyForDeploymentPostprocessing = 0;
			shellPath = /bin/sh;
			shellScript = "diff \"${PODS_PODFILE_DIR_PATH}/Podfile.lock\" \"${PODS_ROOT}/Manifest.lock\" > /dev/null\nif [ $? != 0 ] ; then\n    # print error to STDERR\n    echo \"error: The sandbox is not in sync with the Podfile.lock. Run 'pod install' or update your CocoaPods installation.\" >&2\n    exit 1\nfi\n# This output is used by Xcode 'outputs' to avoid re-running this script phase.\necho \"SUCCESS\" > \"${SCRIPT_OUTPUT_FILE_0}\"\n";
			showEnvVarsInLog = 0;
		};
/* End PBXShellScriptBuildPhase section */

/* Begin PBXSourcesBuildPhase section */
		C7CC21EA237842B100C71102 /* Sources */ = {
			isa = PBXSourcesBuildPhase;
			buildActionMask = 2147483647;
			files = (
				C76C3FAF238D5658003D443A /* SchadenListeStoryBoardController.swift in Sources */,
				C794D83023AE4A3C005CFD34 /* TabBarController.swift in Sources */,
				C7CC222D23784A3F00C71102 /* SchadenListeController.swift in Sources */,
				C705C1DD238BF23A00B47E46 /* testTableViewCell.swift in Sources */,
				C7CC2228237848C700C71102 /* HomeController.swift in Sources */,
				C794D82C23AE40AB005CFD34 /* SplashScreenController.swift in Sources */,
				C7CC21F4237842B100C71102 /* ViewController.swift in Sources */,
				C794D83223AE4CE5005CFD34 /* MeldenController.swift in Sources */,
				C794D82E23AE4971005CFD34 /* SettingsController.swift in Sources */,
				C7CC22212378453A00C71102 /* LoginController.swift in Sources */,
				C728459E23802848000DC419 /* SchadenMeldenController.swift in Sources */,
				C705C1D7238A90B800B47E46 /* SchadenViewCell.swift in Sources */,
				C705C1DA238B462A00B47E46 /* EintragModel.swift in Sources */,
				C794D83423AE4F3D005CFD34 /* ListeController.swift in Sources */,
				C75C2A612381AC1000A3720D /* SchadenEintragController.swift in Sources */,
				C7CC21F2237842B100C71102 /* AppDelegate.swift in Sources */,
				C72845A4238036D3000DC419 /* CameraController.swift in Sources */,
				C794D83923AE8964005CFD34 /* AuthController.swift in Sources */,
				C794D83723AE5291005CFD34 /* EntriesListCell.swift in Sources */,
				C738A693237C8950002A49E3 /* extensions.swift in Sources */,
			);
			runOnlyForDeploymentPostprocessing = 0;
		};
		C7CC21FE237842B500C71102 /* Sources */ = {
			isa = PBXSourcesBuildPhase;
			buildActionMask = 2147483647;
			files = (
				C7CC2207237842B500C71102 /* FH_SchadenmelderTests.swift in Sources */,
			);
			runOnlyForDeploymentPostprocessing = 0;
		};
		C7CC2209237842B600C71102 /* Sources */ = {
			isa = PBXSourcesBuildPhase;
			buildActionMask = 2147483647;
			files = (
				C7CC2212237842B600C71102 /* FH_SchadenmelderUITests.swift in Sources */,
			);
			runOnlyForDeploymentPostprocessing = 0;
		};
/* End PBXSourcesBuildPhase section */

/* Begin PBXTargetDependency section */
		C7CC2204237842B500C71102 /* PBXTargetDependency */ = {
			isa = PBXTargetDependency;
			target = C7CC21ED237842B100C71102 /* FH Schadenmelder */;
			targetProxy = C7CC2203237842B500C71102 /* PBXContainerItemProxy */;
		};
		C7CC220F237842B600C71102 /* PBXTargetDependency */ = {
			isa = PBXTargetDependency;
			target = C7CC21ED237842B100C71102 /* FH Schadenmelder */;
			targetProxy = C7CC220E237842B600C71102 /* PBXContainerItemProxy */;
		};
/* End PBXTargetDependency section */

/* Begin PBXVariantGroup section */
		C7CC21F5237842B100C71102 /* Main.storyboard */ = {
			isa = PBXVariantGroup;
			children = (
				C7CC21F6237842B100C71102 /* Base */,
			);
			name = Main.storyboard;
			sourceTree = "<group>";
		};
		C7CC21FA237842B500C71102 /* LaunchScreen.storyboard */ = {
			isa = PBXVariantGroup;
			children = (
				C7CC21FB237842B500C71102 /* Base */,
			);
			name = LaunchScreen.storyboard;
			sourceTree = "<group>";
		};
/* End PBXVariantGroup section */

/* Begin XCBuildConfiguration section */
		C7CC2214237842B600C71102 /* Debug */ = {
			isa = XCBuildConfiguration;
			buildSettings = {
				ALWAYS_SEARCH_USER_PATHS = NO;
				CLANG_ANALYZER_NONNULL = YES;
				CLANG_ANALYZER_NUMBER_OBJECT_CONVERSION = YES_AGGRESSIVE;
				CLANG_CXX_LANGUAGE_STANDARD = "gnu++14";
				CLANG_CXX_LIBRARY = "libc++";
				CLANG_ENABLE_MODULES = YES;
				CLANG_ENABLE_OBJC_ARC = YES;
				CLANG_ENABLE_OBJC_WEAK = YES;
				CLANG_WARN_BLOCK_CAPTURE_AUTORELEASING = YES;
				CLANG_WARN_BOOL_CONVERSION = YES;
				CLANG_WARN_COMMA = YES;
				CLANG_WARN_CONSTANT_CONVERSION = YES;
				CLANG_WARN_DEPRECATED_OBJC_IMPLEMENTATIONS = YES;
				CLANG_WARN_DIRECT_OBJC_ISA_USAGE = YES_ERROR;
				CLANG_WARN_DOCUMENTATION_COMMENTS = YES;
				CLANG_WARN_EMPTY_BODY = YES;
				CLANG_WARN_ENUM_CONVERSION = YES;
				CLANG_WARN_INFINITE_RECURSION = YES;
				CLANG_WARN_INT_CONVERSION = YES;
				CLANG_WARN_NON_LITERAL_NULL_CONVERSION = YES;
				CLANG_WARN_OBJC_IMPLICIT_RETAIN_SELF = YES;
				CLANG_WARN_OBJC_LITERAL_CONVERSION = YES;
				CLANG_WARN_OBJC_ROOT_CLASS = YES_ERROR;
				CLANG_WARN_RANGE_LOOP_ANALYSIS = YES;
				CLANG_WARN_STRICT_PROTOTYPES = YES;
				CLANG_WARN_SUSPICIOUS_MOVE = YES;
				CLANG_WARN_UNGUARDED_AVAILABILITY = YES_AGGRESSIVE;
				CLANG_WARN_UNREACHABLE_CODE = YES;
				CLANG_WARN__DUPLICATE_METHOD_MATCH = YES;
				CODE_SIGN_IDENTITY = "iPhone Developer";
				COPY_PHASE_STRIP = NO;
				DEBUG_INFORMATION_FORMAT = dwarf;
				ENABLE_STRICT_OBJC_MSGSEND = YES;
				ENABLE_TESTABILITY = YES;
				GCC_C_LANGUAGE_STANDARD = gnu11;
				GCC_DYNAMIC_NO_PIC = NO;
				GCC_NO_COMMON_BLOCKS = YES;
				GCC_OPTIMIZATION_LEVEL = 0;
				GCC_PREPROCESSOR_DEFINITIONS = (
					"DEBUG=1",
					"$(inherited)",
				);
				GCC_WARN_64_TO_32_BIT_CONVERSION = YES;
				GCC_WARN_ABOUT_RETURN_TYPE = YES_ERROR;
				GCC_WARN_UNDECLARED_SELECTOR = YES;
				GCC_WARN_UNINITIALIZED_AUTOS = YES_AGGRESSIVE;
				GCC_WARN_UNUSED_FUNCTION = YES;
				GCC_WARN_UNUSED_VARIABLE = YES;
				IPHONEOS_DEPLOYMENT_TARGET = 12.4;
				MTL_ENABLE_DEBUG_INFO = INCLUDE_SOURCE;
				MTL_FAST_MATH = YES;
				ONLY_ACTIVE_ARCH = YES;
				SDKROOT = iphoneos;
				SWIFT_ACTIVE_COMPILATION_CONDITIONS = DEBUG;
				SWIFT_OPTIMIZATION_LEVEL = "-Onone";
			};
			name = Debug;
		};
		C7CC2215237842B600C71102 /* Release */ = {
			isa = XCBuildConfiguration;
			buildSettings = {
				ALWAYS_SEARCH_USER_PATHS = NO;
				CLANG_ANALYZER_NONNULL = YES;
				CLANG_ANALYZER_NUMBER_OBJECT_CONVERSION = YES_AGGRESSIVE;
				CLANG_CXX_LANGUAGE_STANDARD = "gnu++14";
				CLANG_CXX_LIBRARY = "libc++";
				CLANG_ENABLE_MODULES = YES;
				CLANG_ENABLE_OBJC_ARC = YES;
				CLANG_ENABLE_OBJC_WEAK = YES;
				CLANG_WARN_BLOCK_CAPTURE_AUTORELEASING = YES;
				CLANG_WARN_BOOL_CONVERSION = YES;
				CLANG_WARN_COMMA = YES;
				CLANG_WARN_CONSTANT_CONVERSION = YES;
				CLANG_WARN_DEPRECATED_OBJC_IMPLEMENTATIONS = YES;
				CLANG_WARN_DIRECT_OBJC_ISA_USAGE = YES_ERROR;
				CLANG_WARN_DOCUMENTATION_COMMENTS = YES;
				CLANG_WARN_EMPTY_BODY = YES;
				CLANG_WARN_ENUM_CONVERSION = YES;
				CLANG_WARN_INFINITE_RECURSION = YES;
				CLANG_WARN_INT_CONVERSION = YES;
				CLANG_WARN_NON_LITERAL_NULL_CONVERSION = YES;
				CLANG_WARN_OBJC_IMPLICIT_RETAIN_SELF = YES;
				CLANG_WARN_OBJC_LITERAL_CONVERSION = YES;
				CLANG_WARN_OBJC_ROOT_CLASS = YES_ERROR;
				CLANG_WARN_RANGE_LOOP_ANALYSIS = YES;
				CLANG_WARN_STRICT_PROTOTYPES = YES;
				CLANG_WARN_SUSPICIOUS_MOVE = YES;
				CLANG_WARN_UNGUARDED_AVAILABILITY = YES_AGGRESSIVE;
				CLANG_WARN_UNREACHABLE_CODE = YES;
				CLANG_WARN__DUPLICATE_METHOD_MATCH = YES;
				CODE_SIGN_IDENTITY = "iPhone Developer";
				COPY_PHASE_STRIP = NO;
				DEBUG_INFORMATION_FORMAT = "dwarf-with-dsym";
				ENABLE_NS_ASSERTIONS = NO;
				ENABLE_STRICT_OBJC_MSGSEND = YES;
				GCC_C_LANGUAGE_STANDARD = gnu11;
				GCC_NO_COMMON_BLOCKS = YES;
				GCC_WARN_64_TO_32_BIT_CONVERSION = YES;
				GCC_WARN_ABOUT_RETURN_TYPE = YES_ERROR;
				GCC_WARN_UNDECLARED_SELECTOR = YES;
				GCC_WARN_UNINITIALIZED_AUTOS = YES_AGGRESSIVE;
				GCC_WARN_UNUSED_FUNCTION = YES;
				GCC_WARN_UNUSED_VARIABLE = YES;
				IPHONEOS_DEPLOYMENT_TARGET = 12.4;
				MTL_ENABLE_DEBUG_INFO = NO;
				MTL_FAST_MATH = YES;
				SDKROOT = iphoneos;
				SWIFT_COMPILATION_MODE = wholemodule;
				SWIFT_OPTIMIZATION_LEVEL = "-O";
				VALIDATE_PRODUCT = YES;
			};
			name = Release;
		};
		C7CC2217237842B600C71102 /* Debug */ = {
			isa = XCBuildConfiguration;
			baseConfigurationReference = 528571B6C9FAA5D13A65D0DD /* Pods-FH Schadenmelder.debug.xcconfig */;
			buildSettings = {
				ASSETCATALOG_COMPILER_APPICON_NAME = AppIcon;
				CODE_SIGN_ENTITLEMENTS = "FH Schadenmelder/FH Schadenmelder.entitlements";
				CODE_SIGN_STYLE = Automatic;
				DEVELOPMENT_TEAM = 7FA332Z5WX;
				INFOPLIST_FILE = "FH Schadenmelder/Info.plist";
				LD_RUNPATH_SEARCH_PATHS = (
					"$(inherited)",
					"@executable_path/Frameworks",
				);
				PRODUCT_BUNDLE_IDENTIFIER = "com.fh.campus..FH-Schadenmelder";
				PRODUCT_NAME = "$(TARGET_NAME)";
				SWIFT_VERSION = 5.0;
				TARGETED_DEVICE_FAMILY = "1,2";
			};
			name = Debug;
		};
		C7CC2218237842B600C71102 /* Release */ = {
			isa = XCBuildConfiguration;
			baseConfigurationReference = B4DA1903EE0C79B2B0731BB4 /* Pods-FH Schadenmelder.release.xcconfig */;
			buildSettings = {
				ASSETCATALOG_COMPILER_APPICON_NAME = AppIcon;
				CODE_SIGN_ENTITLEMENTS = "FH Schadenmelder/FH Schadenmelder.entitlements";
				CODE_SIGN_STYLE = Automatic;
				DEVELOPMENT_TEAM = 7FA332Z5WX;
				INFOPLIST_FILE = "FH Schadenmelder/Info.plist";
				LD_RUNPATH_SEARCH_PATHS = (
					"$(inherited)",
					"@executable_path/Frameworks",
				);
				PRODUCT_BUNDLE_IDENTIFIER = "com.fh.campus..FH-Schadenmelder";
				PRODUCT_NAME = "$(TARGET_NAME)";
				SWIFT_VERSION = 5.0;
				TARGETED_DEVICE_FAMILY = "1,2";
			};
			name = Release;
		};
		C7CC221A237842B600C71102 /* Debug */ = {
			isa = XCBuildConfiguration;
			baseConfigurationReference = A392E8106F60019FAD471544 /* Pods-FH SchadenmelderTests.debug.xcconfig */;
			buildSettings = {
				ALWAYS_EMBED_SWIFT_STANDARD_LIBRARIES = YES;
				BUNDLE_LOADER = "$(TEST_HOST)";
				CODE_SIGN_STYLE = Automatic;
				DEVELOPMENT_TEAM = 7FA332Z5WX;
				INFOPLIST_FILE = "FH SchadenmelderTests/Info.plist";
				LD_RUNPATH_SEARCH_PATHS = (
					"$(inherited)",
					"@executable_path/Frameworks",
					"@loader_path/Frameworks",
				);
				PRODUCT_BUNDLE_IDENTIFIER = "com.fh.campus..FH-SchadenmelderTests";
				PRODUCT_NAME = "$(TARGET_NAME)";
				SWIFT_VERSION = 5.0;
				TARGETED_DEVICE_FAMILY = "1,2";
				TEST_HOST = "$(BUILT_PRODUCTS_DIR)/FH Schadenmelder.app/FH Schadenmelder";
			};
			name = Debug;
		};
		C7CC221B237842B600C71102 /* Release */ = {
			isa = XCBuildConfiguration;
			baseConfigurationReference = 65EC9DD8A1DB12B5A0B01684 /* Pods-FH SchadenmelderTests.release.xcconfig */;
			buildSettings = {
				ALWAYS_EMBED_SWIFT_STANDARD_LIBRARIES = YES;
				BUNDLE_LOADER = "$(TEST_HOST)";
				CODE_SIGN_STYLE = Automatic;
				DEVELOPMENT_TEAM = 7FA332Z5WX;
				INFOPLIST_FILE = "FH SchadenmelderTests/Info.plist";
				LD_RUNPATH_SEARCH_PATHS = (
					"$(inherited)",
					"@executable_path/Frameworks",
					"@loader_path/Frameworks",
				);
				PRODUCT_BUNDLE_IDENTIFIER = "com.fh.campus..FH-SchadenmelderTests";
				PRODUCT_NAME = "$(TARGET_NAME)";
				SWIFT_VERSION = 5.0;
				TARGETED_DEVICE_FAMILY = "1,2";
				TEST_HOST = "$(BUILT_PRODUCTS_DIR)/FH Schadenmelder.app/FH Schadenmelder";
			};
			name = Release;
		};
		C7CC221D237842B600C71102 /* Debug */ = {
			isa = XCBuildConfiguration;
			baseConfigurationReference = D770F4B11A2A2AC52E2EC0CC /* Pods-FH Schadenmelder-FH SchadenmelderUITests.debug.xcconfig */;
			buildSettings = {
				ALWAYS_EMBED_SWIFT_STANDARD_LIBRARIES = YES;
				CODE_SIGN_STYLE = Automatic;
				DEVELOPMENT_TEAM = 7FA332Z5WX;
				INFOPLIST_FILE = "FH SchadenmelderUITests/Info.plist";
				LD_RUNPATH_SEARCH_PATHS = (
					"$(inherited)",
					"@executable_path/Frameworks",
					"@loader_path/Frameworks",
				);
				PRODUCT_BUNDLE_IDENTIFIER = "com.fh.campus..FH-SchadenmelderUITests";
				PRODUCT_NAME = "$(TARGET_NAME)";
				SWIFT_VERSION = 5.0;
				TARGETED_DEVICE_FAMILY = "1,2";
				TEST_TARGET_NAME = "FH Schadenmelder";
			};
			name = Debug;
		};
		C7CC221E237842B600C71102 /* Release */ = {
			isa = XCBuildConfiguration;
			baseConfigurationReference = 1DD47229B0E2DBE79C82883E /* Pods-FH Schadenmelder-FH SchadenmelderUITests.release.xcconfig */;
			buildSettings = {
				ALWAYS_EMBED_SWIFT_STANDARD_LIBRARIES = YES;
				CODE_SIGN_STYLE = Automatic;
				DEVELOPMENT_TEAM = 7FA332Z5WX;
				INFOPLIST_FILE = "FH SchadenmelderUITests/Info.plist";
				LD_RUNPATH_SEARCH_PATHS = (
					"$(inherited)",
					"@executable_path/Frameworks",
					"@loader_path/Frameworks",
				);
				PRODUCT_BUNDLE_IDENTIFIER = "com.fh.campus..FH-SchadenmelderUITests";
				PRODUCT_NAME = "$(TARGET_NAME)";
				SWIFT_VERSION = 5.0;
				TARGETED_DEVICE_FAMILY = "1,2";
				TEST_TARGET_NAME = "FH Schadenmelder";
			};
			name = Release;
		};
/* End XCBuildConfiguration section */

/* Begin XCConfigurationList section */
		C7CC21E9237842B100C71102 /* Build configuration list for PBXProject "FH Schadenmelder" */ = {
			isa = XCConfigurationList;
			buildConfigurations = (
				C7CC2214237842B600C71102 /* Debug */,
				C7CC2215237842B600C71102 /* Release */,
			);
			defaultConfigurationIsVisible = 0;
			defaultConfigurationName = Release;
		};
		C7CC2216237842B600C71102 /* Build configuration list for PBXNativeTarget "FH Schadenmelder" */ = {
			isa = XCConfigurationList;
			buildConfigurations = (
				C7CC2217237842B600C71102 /* Debug */,
				C7CC2218237842B600C71102 /* Release */,
			);
			defaultConfigurationIsVisible = 0;
			defaultConfigurationName = Release;
		};
		C7CC2219237842B600C71102 /* Build configuration list for PBXNativeTarget "FH SchadenmelderTests" */ = {
			isa = XCConfigurationList;
			buildConfigurations = (
				C7CC221A237842B600C71102 /* Debug */,
				C7CC221B237842B600C71102 /* Release */,
			);
			defaultConfigurationIsVisible = 0;
			defaultConfigurationName = Release;
		};
		C7CC221C237842B600C71102 /* Build configuration list for PBXNativeTarget "FH SchadenmelderUITests" */ = {
			isa = XCConfigurationList;
			buildConfigurations = (
				C7CC221D237842B600C71102 /* Debug */,
				C7CC221E237842B600C71102 /* Release */,
			);
			defaultConfigurationIsVisible = 0;
			defaultConfigurationName = Release;
		};
/* End XCConfigurationList section */
	};
	rootObject = C7CC21E6237842B100C71102 /* Project object */;
}
